PODS:
  - CollectionViewCenteredFlowLayout (1.0.1)
  - ReachabilitySwift (4.2.1)
  - Realm (3.7.6):
    - Realm/Headers (= 3.7.6)
  - Realm/Headers (3.7.6)
  - RealmSwift (3.7.6):
    - Realm (= 3.7.6)
  - SVProgressHUD (2.2.5)

DEPENDENCIES:
  - CollectionViewCenteredFlowLayout (~> 1.0.1)
  - ReachabilitySwift (~> 4.2.1)
  - RealmSwift (~> 3.7.6)
  - SVProgressHUD (~> 2.2.5)

SPEC REPOS:
  https://github.com/cocoapods/specs.git:
    - CollectionViewCenteredFlowLayout
    - ReachabilitySwift
    - Realm
    - RealmSwift
    - SVProgressHUD

SPEC CHECKSUMS:
  CollectionViewCenteredFlowLayout: 339b935be4d8578c59e448c8906117a07c657d85
  ReachabilitySwift: 35720ffea59c1c76d15f885be77fd33e33985427
  Realm: 9eaecad54712d6246d08ba34c10f354e4715d7d3
  RealmSwift: 1fe08b4ebaeeaacf17f9ba0343f7b25c9fc31fa6
  SVProgressHUD: 1428aafac632c1f86f62aa4243ec12008d7a51d6

PODFILE CHECKSUM: de04ca5b745c615a3b3e7deec3c42210118f7cff

COCOAPODS: 1.5.3
