// !$*UTF8*$!
{
	archiveVersion = 1;
	classes = {
	};
	objectVersion = 50;
	objects = {

/* Begin PBXBuildFile section */
		C82B346921B2A90E00532842 /* AppDelegate.swift in Sources */ = {isa = PBXBuildFile; fileRef = C82B346821B2A90E00532842 /* AppDelegate.swift */; };
		C82B347021B2A90F00532842 /* Assets.xcassets in Resources */ = {isa = PBXBuildFile; fileRef = C82B346F21B2A90F00532842 /* Assets.xcassets */; };
		C82B347321B2A90F00532842 /* LaunchScreen.storyboard in Resources */ = {isa = PBXBuildFile; fileRef = C82B347121B2A90F00532842 /* LaunchScreen.storyboard */; };
		C8926DA321B2A9CA00CF19C4 /* RequestManager.swift in Sources */ = {isa = PBXBuildFile; fileRef = C8926D9621B2A9CA00CF19C4 /* RequestManager.swift */; };
		C8926DA421B2A9CA00CF19C4 /* HTTPCode.swift in Sources */ = {isa = PBXBuildFile; fileRef = C8926D9721B2A9CA00CF19C4 /* HTTPCode.swift */; };
		C8926DA521B2A9CA00CF19C4 /* NetworkHeaders.swift in Sources */ = {isa = PBXBuildFile; fileRef = C8926D9821B2A9CA00CF19C4 /* NetworkHeaders.swift */; };
		C8926DA621B2A9CA00CF19C4 /* Result.swift in Sources */ = {isa = PBXBuildFile; fileRef = C8926D9921B2A9CA00CF19C4 /* Result.swift */; };
		C8926DA721B2A9CA00CF19C4 /* RequestProtocol.swift in Sources */ = {isa = PBXBuildFile; fileRef = C8926D9A21B2A9CA00CF19C4 /* RequestProtocol.swift */; };
		C8926DA821B2A9CA00CF19C4 /* ResultError.swift in Sources */ = {isa = PBXBuildFile; fileRef = C8926D9C21B2A9CA00CF19C4 /* ResultError.swift */; };
		C8926DA921B2A9CA00CF19C4 /* IMRequestErrors.swift in Sources */ = {isa = PBXBuildFile; fileRef = C8926D9D21B2A9CA00CF19C4 /* IMRequestErrors.swift */; };
		C8926DAA21B2A9CA00CF19C4 /* EndPoint.swift in Sources */ = {isa = PBXBuildFile; fileRef = C8926D9E21B2A9CA00CF19C4 /* EndPoint.swift */; };
		C8926DAB21B2A9CA00CF19C4 /* WeatherResponse.swift in Sources */ = {isa = PBXBuildFile; fileRef = C8926DA121B2A9CA00CF19C4 /* WeatherResponse.swift */; };
		C8926DAC21B2A9CA00CF19C4 /* WeatherRequest.swift in Sources */ = {isa = PBXBuildFile; fileRef = C8926DA221B2A9CA00CF19C4 /* WeatherRequest.swift */; };
		C8926DAF21B2B0F600CF19C4 /* NetworkTests.swift in Sources */ = {isa = PBXBuildFile; fileRef = C8926DAE21B2B0F600CF19C4 /* NetworkTests.swift */; };
		C8926DB321B2BA5200CF19C4 /* LocationManager.swift in Sources */ = {isa = PBXBuildFile; fileRef = C8926DB221B2BA5200CF19C4 /* LocationManager.swift */; };
		C8926DB521B2BB0A00CF19C4 /* InternalNotifications.swift in Sources */ = {isa = PBXBuildFile; fileRef = C8926DB421B2BB0A00CF19C4 /* InternalNotifications.swift */; };
		C8926DB821B2BC0C00CF19C4 /* LocationTests.swift in Sources */ = {isa = PBXBuildFile; fileRef = C8926DB721B2BC0C00CF19C4 /* LocationTests.swift */; };
		C8926DBC21B2BF8500CF19C4 /* SimulateWeatherResponse.json in Resources */ = {isa = PBXBuildFile; fileRef = C8926DBB21B2BF8500CF19C4 /* SimulateWeatherResponse.json */; };
		C8926DC121B2C6CA00CF19C4 /* MainTabBar.swift in Sources */ = {isa = PBXBuildFile; fileRef = C8926DC021B2C6CA00CF19C4 /* MainTabBar.swift */; };
		C8926DC521B2CB7800CF19C4 /* CustomTitleView.swift in Sources */ = {isa = PBXBuildFile; fileRef = C8926DC421B2CB7800CF19C4 /* CustomTitleView.swift */; };
		C8926DC821B2CBC300CF19C4 /* BaseViewController.swift in Sources */ = {isa = PBXBuildFile; fileRef = C8926DC721B2CBC300CF19C4 /* BaseViewController.swift */; };
		C8926DCC21B2CC1F00CF19C4 /* TodayViewController.swift in Sources */ = {isa = PBXBuildFile; fileRef = C8926DCB21B2CC1F00CF19C4 /* TodayViewController.swift */; };
		C8926DCE21B2CC4A00CF19C4 /* ForecastViewController.swift in Sources */ = {isa = PBXBuildFile; fileRef = C8926DCD21B2CC4A00CF19C4 /* ForecastViewController.swift */; };
		C8926DD121B2D00000CF19C4 /* UIView.swift in Sources */ = {isa = PBXBuildFile; fileRef = C8926DD021B2D00000CF19C4 /* UIView.swift */; };
		C8926DD521B2D55B00CF19C4 /* CurrentWeatherView.swift in Sources */ = {isa = PBXBuildFile; fileRef = C8926DD421B2D55B00CF19C4 /* CurrentWeatherView.swift */; };
		C8926DD721B2D56B00CF19C4 /* CurrentWeatherInformationView.swift in Sources */ = {isa = PBXBuildFile; fileRef = C8926DD621B2D56B00CF19C4 /* CurrentWeatherInformationView.swift */; };
		C8926DD921B2DFBE00CF19C4 /* TodayProtocols.swift in Sources */ = {isa = PBXBuildFile; fileRef = C8926DD821B2DFBE00CF19C4 /* TodayProtocols.swift */; };
		C8926DDB21B2DFCD00CF19C4 /* TodayPresenter.swift in Sources */ = {isa = PBXBuildFile; fileRef = C8926DDA21B2DFCD00CF19C4 /* TodayPresenter.swift */; };
		C8926DDD21B2DFDC00CF19C4 /* TodayRouter.swift in Sources */ = {isa = PBXBuildFile; fileRef = C8926DDC21B2DFDC00CF19C4 /* TodayRouter.swift */; };
		C8926DDF21B2E15900CF19C4 /* TodayInteractor.swift in Sources */ = {isa = PBXBuildFile; fileRef = C8926DDE21B2E15900CF19C4 /* TodayInteractor.swift */; };
		C8926DE221B2E50300CF19C4 /* WeatherTitleView.swift in Sources */ = {isa = PBXBuildFile; fileRef = C8926DE121B2E50300CF19C4 /* WeatherTitleView.swift */; };
		C8926DE521B2F50200CF19C4 /* UnitTemperature.swift in Sources */ = {isa = PBXBuildFile; fileRef = C8926DE421B2F50200CF19C4 /* UnitTemperature.swift */; };
/* End PBXBuildFile section */

/* Begin PBXContainerItemProxy section */
		C82B347A21B2A90F00532842 /* PBXContainerItemProxy */ = {
			isa = PBXContainerItemProxy;
			containerPortal = C82B345D21B2A90E00532842 /* Project object */;
			proxyType = 1;
			remoteGlobalIDString = C82B346421B2A90E00532842;
			remoteInfo = Weather;
		};
/* End PBXContainerItemProxy section */

/* Begin PBXFileReference section */
		C82B346521B2A90E00532842 /* Weather.app */ = {isa = PBXFileReference; explicitFileType = wrapper.application; includeInIndex = 0; path = Weather.app; sourceTree = BUILT_PRODUCTS_DIR; };
		C82B346821B2A90E00532842 /* AppDelegate.swift */ = {isa = PBXFileReference; lastKnownFileType = sourcecode.swift; path = AppDelegate.swift; sourceTree = "<group>"; };
		C82B346F21B2A90F00532842 /* Assets.xcassets */ = {isa = PBXFileReference; lastKnownFileType = folder.assetcatalog; path = Assets.xcassets; sourceTree = "<group>"; };
		C82B347221B2A90F00532842 /* Base */ = {isa = PBXFileReference; lastKnownFileType = file.storyboard; name = Base; path = Base.lproj/LaunchScreen.storyboard; sourceTree = "<group>"; };
		C82B347421B2A90F00532842 /* Info.plist */ = {isa = PBXFileReference; lastKnownFileType = text.plist.xml; path = Info.plist; sourceTree = "<group>"; };
		C82B347921B2A90F00532842 /* WeatherTests.xctest */ = {isa = PBXFileReference; explicitFileType = wrapper.cfbundle; includeInIndex = 0; path = WeatherTests.xctest; sourceTree = BUILT_PRODUCTS_DIR; };
		C82B347F21B2A90F00532842 /* Info.plist */ = {isa = PBXFileReference; lastKnownFileType = text.plist.xml; path = Info.plist; sourceTree = "<group>"; };
		C8926D9621B2A9CA00CF19C4 /* RequestManager.swift */ = {isa = PBXFileReference; fileEncoding = 4; lastKnownFileType = sourcecode.swift; path = RequestManager.swift; sourceTree = "<group>"; };
		C8926D9721B2A9CA00CF19C4 /* HTTPCode.swift */ = {isa = PBXFileReference; fileEncoding = 4; lastKnownFileType = sourcecode.swift; path = HTTPCode.swift; sourceTree = "<group>"; };
		C8926D9821B2A9CA00CF19C4 /* NetworkHeaders.swift */ = {isa = PBXFileReference; fileEncoding = 4; lastKnownFileType = sourcecode.swift; path = NetworkHeaders.swift; sourceTree = "<group>"; };
		C8926D9921B2A9CA00CF19C4 /* Result.swift */ = {isa = PBXFileReference; fileEncoding = 4; lastKnownFileType = sourcecode.swift; path = Result.swift; sourceTree = "<group>"; };
		C8926D9A21B2A9CA00CF19C4 /* RequestProtocol.swift */ = {isa = PBXFileReference; fileEncoding = 4; lastKnownFileType = sourcecode.swift; path = RequestProtocol.swift; sourceTree = "<group>"; };
		C8926D9C21B2A9CA00CF19C4 /* ResultError.swift */ = {isa = PBXFileReference; fileEncoding = 4; lastKnownFileType = sourcecode.swift; path = ResultError.swift; sourceTree = "<group>"; };
		C8926D9D21B2A9CA00CF19C4 /* IMRequestErrors.swift */ = {isa = PBXFileReference; fileEncoding = 4; lastKnownFileType = sourcecode.swift; path = IMRequestErrors.swift; sourceTree = "<group>"; };
		C8926D9E21B2A9CA00CF19C4 /* EndPoint.swift */ = {isa = PBXFileReference; fileEncoding = 4; lastKnownFileType = sourcecode.swift; path = EndPoint.swift; sourceTree = "<group>"; };
		C8926DA121B2A9CA00CF19C4 /* WeatherResponse.swift */ = {isa = PBXFileReference; fileEncoding = 4; lastKnownFileType = sourcecode.swift; path = WeatherResponse.swift; sourceTree = "<group>"; };
		C8926DA221B2A9CA00CF19C4 /* WeatherRequest.swift */ = {isa = PBXFileReference; fileEncoding = 4; lastKnownFileType = sourcecode.swift; path = WeatherRequest.swift; sourceTree = "<group>"; };
		C8926DAE21B2B0F600CF19C4 /* NetworkTests.swift */ = {isa = PBXFileReference; lastKnownFileType = sourcecode.swift; path = NetworkTests.swift; sourceTree = "<group>"; };
		C8926DB221B2BA5200CF19C4 /* LocationManager.swift */ = {isa = PBXFileReference; fileEncoding = 4; lastKnownFileType = sourcecode.swift; path = LocationManager.swift; sourceTree = "<group>"; };
		C8926DB421B2BB0A00CF19C4 /* InternalNotifications.swift */ = {isa = PBXFileReference; fileEncoding = 4; lastKnownFileType = sourcecode.swift; path = InternalNotifications.swift; sourceTree = "<group>"; };
		C8926DB721B2BC0C00CF19C4 /* LocationTests.swift */ = {isa = PBXFileReference; lastKnownFileType = sourcecode.swift; path = LocationTests.swift; sourceTree = "<group>"; };
		C8926DBB21B2BF8500CF19C4 /* SimulateWeatherResponse.json */ = {isa = PBXFileReference; fileEncoding = 4; lastKnownFileType = text.json; path = SimulateWeatherResponse.json; sourceTree = "<group>"; };
		C8926DC021B2C6CA00CF19C4 /* MainTabBar.swift */ = {isa = PBXFileReference; lastKnownFileType = sourcecode.swift; path = MainTabBar.swift; sourceTree = "<group>"; };
		C8926DC421B2CB7800CF19C4 /* CustomTitleView.swift */ = {isa = PBXFileReference; lastKnownFileType = sourcecode.swift; path = CustomTitleView.swift; sourceTree = "<group>"; };
		C8926DC721B2CBC300CF19C4 /* BaseViewController.swift */ = {isa = PBXFileReference; lastKnownFileType = sourcecode.swift; path = BaseViewController.swift; sourceTree = "<group>"; };
		C8926DCB21B2CC1F00CF19C4 /* TodayViewController.swift */ = {isa = PBXFileReference; lastKnownFileType = sourcecode.swift; path = TodayViewController.swift; sourceTree = "<group>"; };
		C8926DCD21B2CC4A00CF19C4 /* ForecastViewController.swift */ = {isa = PBXFileReference; lastKnownFileType = sourcecode.swift; path = ForecastViewController.swift; sourceTree = "<group>"; };
		C8926DD021B2D00000CF19C4 /* UIView.swift */ = {isa = PBXFileReference; lastKnownFileType = sourcecode.swift; path = UIView.swift; sourceTree = "<group>"; };
		C8926DD421B2D55B00CF19C4 /* CurrentWeatherView.swift */ = {isa = PBXFileReference; lastKnownFileType = sourcecode.swift; path = CurrentWeatherView.swift; sourceTree = "<group>"; };
		C8926DD621B2D56B00CF19C4 /* CurrentWeatherInformationView.swift */ = {isa = PBXFileReference; lastKnownFileType = sourcecode.swift; path = CurrentWeatherInformationView.swift; sourceTree = "<group>"; };
		C8926DD821B2DFBE00CF19C4 /* TodayProtocols.swift */ = {isa = PBXFileReference; lastKnownFileType = sourcecode.swift; path = TodayProtocols.swift; sourceTree = "<group>"; };
		C8926DDA21B2DFCD00CF19C4 /* TodayPresenter.swift */ = {isa = PBXFileReference; lastKnownFileType = sourcecode.swift; path = TodayPresenter.swift; sourceTree = "<group>"; };
		C8926DDC21B2DFDC00CF19C4 /* TodayRouter.swift */ = {isa = PBXFileReference; lastKnownFileType = sourcecode.swift; path = TodayRouter.swift; sourceTree = "<group>"; };
		C8926DDE21B2E15900CF19C4 /* TodayInteractor.swift */ = {isa = PBXFileReference; lastKnownFileType = sourcecode.swift; path = TodayInteractor.swift; sourceTree = "<group>"; };
		C8926DE121B2E50300CF19C4 /* WeatherTitleView.swift */ = {isa = PBXFileReference; lastKnownFileType = sourcecode.swift; path = WeatherTitleView.swift; sourceTree = "<group>"; };
		C8926DE421B2F50200CF19C4 /* UnitTemperature.swift */ = {isa = PBXFileReference; lastKnownFileType = sourcecode.swift; path = UnitTemperature.swift; sourceTree = "<group>"; };
/* End PBXFileReference section */

/* Begin PBXFrameworksBuildPhase section */
		C82B346221B2A90E00532842 /* Frameworks */ = {
			isa = PBXFrameworksBuildPhase;
			buildActionMask = 2147483647;
			files = (
			);
			runOnlyForDeploymentPostprocessing = 0;
		};
		C82B347621B2A90F00532842 /* Frameworks */ = {
			isa = PBXFrameworksBuildPhase;
			buildActionMask = 2147483647;
			files = (
			);
			runOnlyForDeploymentPostprocessing = 0;
		};
/* End PBXFrameworksBuildPhase section */

/* Begin PBXGroup section */
		C82B345C21B2A90E00532842 = {
			isa = PBXGroup;
			children = (
				C82B346721B2A90E00532842 /* Weather */,
				C82B347C21B2A90F00532842 /* WeatherTests */,
				C82B346621B2A90E00532842 /* Products */,
			);
			sourceTree = "<group>";
		};
		C82B346621B2A90E00532842 /* Products */ = {
			isa = PBXGroup;
			children = (
				C82B346521B2A90E00532842 /* Weather.app */,
				C82B347921B2A90F00532842 /* WeatherTests.xctest */,
			);
			name = Products;
			sourceTree = "<group>";
		};
		C82B346721B2A90E00532842 /* Weather */ = {
			isa = PBXGroup;
			children = (
				C82B346821B2A90E00532842 /* AppDelegate.swift */,
				C8926DCF21B2CFEC00CF19C4 /* Extensions */,
				C8926DB021B2BA3C00CF19C4 /* Utils */,
				C8926DBE21B2C69800CF19C4 /* Views */,
				C8926D9421B2A9CA00CF19C4 /* Network */,
				C8926DB921B2BF6600CF19C4 /* Resources */,
				C82B346F21B2A90F00532842 /* Assets.xcassets */,
				C82B347121B2A90F00532842 /* LaunchScreen.storyboard */,
				C82B347421B2A90F00532842 /* Info.plist */,
			);
			path = Weather;
			sourceTree = "<group>";
		};
		C82B347C21B2A90F00532842 /* WeatherTests */ = {
			isa = PBXGroup;
			children = (
				C8926DB621B2BBE800CF19C4 /* Location */,
				C8926DAD21B2B08500CF19C4 /* Network */,
				C82B347F21B2A90F00532842 /* Info.plist */,
			);
			path = WeatherTests;
			sourceTree = "<group>";
		};
		C8926D9421B2A9CA00CF19C4 /* Network */ = {
			isa = PBXGroup;
			children = (
				C8926D9521B2A9CA00CF19C4 /* Common */,
				C8926D9F21B2A9CA00CF19C4 /* Request */,
			);
			path = Network;
			sourceTree = "<group>";
		};
		C8926D9521B2A9CA00CF19C4 /* Common */ = {
			isa = PBXGroup;
			children = (
				C8926D9621B2A9CA00CF19C4 /* RequestManager.swift */,
				C8926D9721B2A9CA00CF19C4 /* HTTPCode.swift */,
				C8926D9821B2A9CA00CF19C4 /* NetworkHeaders.swift */,
				C8926D9921B2A9CA00CF19C4 /* Result.swift */,
				C8926D9A21B2A9CA00CF19C4 /* RequestProtocol.swift */,
				C8926D9B21B2A9CA00CF19C4 /* Errors */,
				C8926D9E21B2A9CA00CF19C4 /* EndPoint.swift */,
			);
			path = Common;
			sourceTree = "<group>";
		};
		C8926D9B21B2A9CA00CF19C4 /* Errors */ = {
			isa = PBXGroup;
			children = (
				C8926D9C21B2A9CA00CF19C4 /* ResultError.swift */,
				C8926D9D21B2A9CA00CF19C4 /* IMRequestErrors.swift */,
			);
			path = Errors;
			sourceTree = "<group>";
		};
		C8926D9F21B2A9CA00CF19C4 /* Request */ = {
			isa = PBXGroup;
			children = (
				C8926DA021B2A9CA00CF19C4 /* Data Models */,
				C8926DA221B2A9CA00CF19C4 /* WeatherRequest.swift */,
			);
			path = Request;
			sourceTree = "<group>";
		};
		C8926DA021B2A9CA00CF19C4 /* Data Models */ = {
			isa = PBXGroup;
			children = (
				C8926DA121B2A9CA00CF19C4 /* WeatherResponse.swift */,
			);
			path = "Data Models";
			sourceTree = "<group>";
		};
		C8926DAD21B2B08500CF19C4 /* Network */ = {
			isa = PBXGroup;
			children = (
				C8926DAE21B2B0F600CF19C4 /* NetworkTests.swift */,
			);
			path = Network;
			sourceTree = "<group>";
		};
		C8926DB021B2BA3C00CF19C4 /* Utils */ = {
			isa = PBXGroup;
			children = (
				C8926DB121B2BA5200CF19C4 /* Location Manager */,
				C8926DB421B2BB0A00CF19C4 /* InternalNotifications.swift */,
			);
			path = Utils;
			sourceTree = "<group>";
		};
		C8926DB121B2BA5200CF19C4 /* Location Manager */ = {
			isa = PBXGroup;
			children = (
				C8926DB221B2BA5200CF19C4 /* LocationManager.swift */,
			);
			path = "Location Manager";
			sourceTree = "<group>";
		};
		C8926DB621B2BBE800CF19C4 /* Location */ = {
			isa = PBXGroup;
			children = (
				C8926DB721B2BC0C00CF19C4 /* LocationTests.swift */,
			);
			path = Location;
			sourceTree = "<group>";
		};
		C8926DB921B2BF6600CF19C4 /* Resources */ = {
			isa = PBXGroup;
			children = (
				C8926DBA21B2BF6D00CF19C4 /* Simulate Weather Response */,
			);
			path = Resources;
			sourceTree = "<group>";
		};
		C8926DBA21B2BF6D00CF19C4 /* Simulate Weather Response */ = {
			isa = PBXGroup;
			children = (
				C8926DBB21B2BF8500CF19C4 /* SimulateWeatherResponse.json */,
			);
			path = "Simulate Weather Response";
			sourceTree = "<group>";
		};
		C8926DBE21B2C69800CF19C4 /* Views */ = {
			isa = PBXGroup;
			children = (
				C8926DC621B2CBB500CF19C4 /* Base */,
				C8926DC221B2CB5600CF19C4 /* Common */,
				C8926DBF21B2C6AA00CF19C4 /* Main TabBar */,
				C8926DC921B2CBF200CF19C4 /* Today */,
				C8926DCA21B2CC0700CF19C4 /* Forecast */,
			);
			path = Views;
			sourceTree = "<group>";
		};
		C8926DBF21B2C6AA00CF19C4 /* Main TabBar */ = {
			isa = PBXGroup;
			children = (
				C8926DC021B2C6CA00CF19C4 /* MainTabBar.swift */,
			);
			path = "Main TabBar";
			sourceTree = "<group>";
		};
		C8926DC221B2CB5600CF19C4 /* Common */ = {
			isa = PBXGroup;
			children = (
				C8926DC321B2CB5F00CF19C4 /* Custom Title View */,
			);
			path = Common;
			sourceTree = "<group>";
		};
		C8926DC321B2CB5F00CF19C4 /* Custom Title View */ = {
			isa = PBXGroup;
			children = (
				C8926DC421B2CB7800CF19C4 /* CustomTitleView.swift */,
			);
			path = "Custom Title View";
			sourceTree = "<group>";
		};
		C8926DC621B2CBB500CF19C4 /* Base */ = {
			isa = PBXGroup;
			children = (
				C8926DC721B2CBC300CF19C4 /* BaseViewController.swift */,
			);
			path = Base;
			sourceTree = "<group>";
		};
		C8926DC921B2CBF200CF19C4 /* Today */ = {
			isa = PBXGroup;
			children = (
				C8926DD321B2D53D00CF19C4 /* Subviewa */,
				C8926DD821B2DFBE00CF19C4 /* TodayProtocols.swift */,
				C8926DCB21B2CC1F00CF19C4 /* TodayViewController.swift */,
				C8926DDA21B2DFCD00CF19C4 /* TodayPresenter.swift */,
				C8926DDE21B2E15900CF19C4 /* TodayInteractor.swift */,
				C8926DDC21B2DFDC00CF19C4 /* TodayRouter.swift */,
			);
			path = Today;
			sourceTree = "<group>";
		};
		C8926DCA21B2CC0700CF19C4 /* Forecast */ = {
			isa = PBXGroup;
			children = (
				C8926DCD21B2CC4A00CF19C4 /* ForecastViewController.swift */,
			);
			path = Forecast;
			sourceTree = "<group>";
		};
		C8926DCF21B2CFEC00CF19C4 /* Extensions */ = {
			isa = PBXGroup;
			children = (
				C8926DE321B2F4F700CF19C4 /* UnitTemperature */,
				C8926DD221B2D01700CF19C4 /* UIView */,
			);
			path = Extensions;
			sourceTree = "<group>";
		};
		C8926DD221B2D01700CF19C4 /* UIView */ = {
			isa = PBXGroup;
			children = (
				C8926DD021B2D00000CF19C4 /* UIView.swift */,
			);
			path = UIView;
			sourceTree = "<group>";
		};
		C8926DD321B2D53D00CF19C4 /* Subviewa */ = {
			isa = PBXGroup;
			children = (
				C8926DE021B2E4C400CF19C4 /* Current Weather View */,
				C8926DD621B2D56B00CF19C4 /* CurrentWeatherInformationView.swift */,
			);
			path = Subviewa;
			sourceTree = "<group>";
		};
		C8926DE021B2E4C400CF19C4 /* Current Weather View */ = {
			isa = PBXGroup;
			children = (
				C8926DE121B2E50300CF19C4 /* WeatherTitleView.swift */,
				C8926DD421B2D55B00CF19C4 /* CurrentWeatherView.swift */,
			);
			path = "Current Weather View";
			sourceTree = "<group>";
		};
		C8926DE321B2F4F700CF19C4 /* UnitTemperature */ = {
			isa = PBXGroup;
			children = (
				C8926DE421B2F50200CF19C4 /* UnitTemperature.swift */,
			);
			path = UnitTemperature;
			sourceTree = "<group>";
		};
/* End PBXGroup section */

/* Begin PBXNativeTarget section */
		C82B346421B2A90E00532842 /* Weather */ = {
			isa = PBXNativeTarget;
			buildConfigurationList = C82B348221B2A90F00532842 /* Build configuration list for PBXNativeTarget "Weather" */;
			buildPhases = (
				C82B346121B2A90E00532842 /* Sources */,
				C82B346221B2A90E00532842 /* Frameworks */,
				C82B346321B2A90E00532842 /* Resources */,
			);
			buildRules = (
			);
			dependencies = (
			);
			name = Weather;
			productName = Weather;
			productReference = C82B346521B2A90E00532842 /* Weather.app */;
			productType = "com.apple.product-type.application";
		};
		C82B347821B2A90F00532842 /* WeatherTests */ = {
			isa = PBXNativeTarget;
			buildConfigurationList = C82B348521B2A90F00532842 /* Build configuration list for PBXNativeTarget "WeatherTests" */;
			buildPhases = (
				C82B347521B2A90F00532842 /* Sources */,
				C82B347621B2A90F00532842 /* Frameworks */,
				C82B347721B2A90F00532842 /* Resources */,
			);
			buildRules = (
			);
			dependencies = (
				C82B347B21B2A90F00532842 /* PBXTargetDependency */,
			);
			name = WeatherTests;
			productName = WeatherTests;
			productReference = C82B347921B2A90F00532842 /* WeatherTests.xctest */;
			productType = "com.apple.product-type.bundle.unit-test";
		};
/* End PBXNativeTarget section */

/* Begin PBXProject section */
		C82B345D21B2A90E00532842 /* Project object */ = {
			isa = PBXProject;
			attributes = {
				LastSwiftUpdateCheck = 1010;
				LastUpgradeCheck = 1010;
				ORGANIZATIONNAME = Pijp;
				TargetAttributes = {
					C82B346421B2A90E00532842 = {
						CreatedOnToolsVersion = 10.1;
					};
					C82B347821B2A90F00532842 = {
						CreatedOnToolsVersion = 10.1;
						LastSwiftMigration = 1010;
						TestTargetID = C82B346421B2A90E00532842;
					};
				};
			};
			buildConfigurationList = C82B346021B2A90E00532842 /* Build configuration list for PBXProject "Weather" */;
			compatibilityVersion = "Xcode 9.3";
			developmentRegion = en;
			hasScannedForEncodings = 0;
			knownRegions = (
				en,
				Base,
			);
			mainGroup = C82B345C21B2A90E00532842;
			productRefGroup = C82B346621B2A90E00532842 /* Products */;
			projectDirPath = "";
			projectRoot = "";
			targets = (
				C82B346421B2A90E00532842 /* Weather */,
				C82B347821B2A90F00532842 /* WeatherTests */,
			);
		};
/* End PBXProject section */

/* Begin PBXResourcesBuildPhase section */
		C82B346321B2A90E00532842 /* Resources */ = {
			isa = PBXResourcesBuildPhase;
			buildActionMask = 2147483647;
			files = (
				C82B347321B2A90F00532842 /* LaunchScreen.storyboard in Resources */,
				C82B347021B2A90F00532842 /* Assets.xcassets in Resources */,
				C8926DBC21B2BF8500CF19C4 /* SimulateWeatherResponse.json in Resources */,
			);
			runOnlyForDeploymentPostprocessing = 0;
		};
		C82B347721B2A90F00532842 /* Resources */ = {
			isa = PBXResourcesBuildPhase;
			buildActionMask = 2147483647;
			files = (
			);
			runOnlyForDeploymentPostprocessing = 0;
		};
/* End PBXResourcesBuildPhase section */

/* Begin PBXSourcesBuildPhase section */
		C82B346121B2A90E00532842 /* Sources */ = {
			isa = PBXSourcesBuildPhase;
			buildActionMask = 2147483647;
			files = (
				C8926DC521B2CB7800CF19C4 /* CustomTitleView.swift in Sources */,
				C8926DA621B2A9CA00CF19C4 /* Result.swift in Sources */,
				C8926DA421B2A9CA00CF19C4 /* HTTPCode.swift in Sources */,
				C8926DAA21B2A9CA00CF19C4 /* EndPoint.swift in Sources */,
				C8926DC121B2C6CA00CF19C4 /* MainTabBar.swift in Sources */,
				C8926DDB21B2DFCD00CF19C4 /* TodayPresenter.swift in Sources */,
				C8926DE221B2E50300CF19C4 /* WeatherTitleView.swift in Sources */,
				C8926DDD21B2DFDC00CF19C4 /* TodayRouter.swift in Sources */,
				C8926DAC21B2A9CA00CF19C4 /* WeatherRequest.swift in Sources */,
				C8926DB321B2BA5200CF19C4 /* LocationManager.swift in Sources */,
				C8926DD721B2D56B00CF19C4 /* CurrentWeatherInformationView.swift in Sources */,
				C8926DCC21B2CC1F00CF19C4 /* TodayViewController.swift in Sources */,
				C8926DA321B2A9CA00CF19C4 /* RequestManager.swift in Sources */,
				C8926DA921B2A9CA00CF19C4 /* IMRequestErrors.swift in Sources */,
				C8926DE521B2F50200CF19C4 /* UnitTemperature.swift in Sources */,
				C8926DAB21B2A9CA00CF19C4 /* WeatherResponse.swift in Sources */,
				C8926DCE21B2CC4A00CF19C4 /* ForecastViewController.swift in Sources */,
				C8926DA521B2A9CA00CF19C4 /* NetworkHeaders.swift in Sources */,
				C8926DD521B2D55B00CF19C4 /* CurrentWeatherView.swift in Sources */,
				C8926DD121B2D00000CF19C4 /* UIView.swift in Sources */,
				C8926DDF21B2E15900CF19C4 /* TodayInteractor.swift in Sources */,
				C8926DA821B2A9CA00CF19C4 /* ResultError.swift in Sources */,
				C8926DB521B2BB0A00CF19C4 /* InternalNotifications.swift in Sources */,
				C8926DC821B2CBC300CF19C4 /* BaseViewController.swift in Sources */,
				C8926DD921B2DFBE00CF19C4 /* TodayProtocols.swift in Sources */,
				C82B346921B2A90E00532842 /* AppDelegate.swift in Sources */,
				C8926DA721B2A9CA00CF19C4 /* RequestProtocol.swift in Sources */,
			);
			runOnlyForDeploymentPostprocessing = 0;
		};
		C82B347521B2A90F00532842 /* Sources */ = {
			isa = PBXSourcesBuildPhase;
			buildActionMask = 2147483647;
			files = (
				C8926DB821B2BC0C00CF19C4 /* LocationTests.swift in Sources */,
				C8926DAF21B2B0F600CF19C4 /* NetworkTests.swift in Sources */,
			);
			runOnlyForDeploymentPostprocessing = 0;
		};
/* End PBXSourcesBuildPhase section */

/* Begin PBXTargetDependency section */
		C82B347B21B2A90F00532842 /* PBXTargetDependency */ = {
			isa = PBXTargetDependency;
			target = C82B346421B2A90E00532842 /* Weather */;
			targetProxy = C82B347A21B2A90F00532842 /* PBXContainerItemProxy */;
		};
/* End PBXTargetDependency section */

/* Begin PBXVariantGroup section */
		C82B347121B2A90F00532842 /* LaunchScreen.storyboard */ = {
			isa = PBXVariantGroup;
			children = (
				C82B347221B2A90F00532842 /* Base */,
			);
			name = LaunchScreen.storyboard;
			sourceTree = "<group>";
		};
/* End PBXVariantGroup section */

/* Begin XCBuildConfiguration section */
		C82B348021B2A90F00532842 /* Debug */ = {
			isa = XCBuildConfiguration;
			buildSettings = {
				ALWAYS_SEARCH_USER_PATHS = NO;
				CLANG_ANALYZER_NONNULL = YES;
				CLANG_ANALYZER_NUMBER_OBJECT_CONVERSION = YES_AGGRESSIVE;
				CLANG_CXX_LANGUAGE_STANDARD = "gnu++14";
				CLANG_CXX_LIBRARY = "libc++";
				CLANG_ENABLE_MODULES = YES;
				CLANG_ENABLE_OBJC_ARC = YES;
				CLANG_ENABLE_OBJC_WEAK = YES;
				CLANG_WARN_BLOCK_CAPTURE_AUTORELEASING = YES;
				CLANG_WARN_BOOL_CONVERSION = YES;
				CLANG_WARN_COMMA = YES;
				CLANG_WARN_CONSTANT_CONVERSION = YES;
				CLANG_WARN_DEPRECATED_OBJC_IMPLEMENTATIONS = YES;
				CLANG_WARN_DIRECT_OBJC_ISA_USAGE = YES_ERROR;
				CLANG_WARN_DOCUMENTATION_COMMENTS = YES;
				CLANG_WARN_EMPTY_BODY = YES;
				CLANG_WARN_ENUM_CONVERSION = YES;
				CLANG_WARN_INFINITE_RECURSION = YES;
				CLANG_WARN_INT_CONVERSION = YES;
				CLANG_WARN_NON_LITERAL_NULL_CONVERSION = YES;
				CLANG_WARN_OBJC_IMPLICIT_RETAIN_SELF = YES;
				CLANG_WARN_OBJC_LITERAL_CONVERSION = YES;
				CLANG_WARN_OBJC_ROOT_CLASS = YES_ERROR;
				CLANG_WARN_RANGE_LOOP_ANALYSIS = YES;
				CLANG_WARN_STRICT_PROTOTYPES = YES;
				CLANG_WARN_SUSPICIOUS_MOVE = YES;
				CLANG_WARN_UNGUARDED_AVAILABILITY = YES_AGGRESSIVE;
				CLANG_WARN_UNREACHABLE_CODE = YES;
				CLANG_WARN__DUPLICATE_METHOD_MATCH = YES;
				CODE_SIGN_IDENTITY = "iPhone Developer";
				COPY_PHASE_STRIP = NO;
				DEBUG_INFORMATION_FORMAT = dwarf;
				ENABLE_STRICT_OBJC_MSGSEND = YES;
				ENABLE_TESTABILITY = YES;
				GCC_C_LANGUAGE_STANDARD = gnu11;
				GCC_DYNAMIC_NO_PIC = NO;
				GCC_NO_COMMON_BLOCKS = YES;
				GCC_OPTIMIZATION_LEVEL = 0;
				GCC_PREPROCESSOR_DEFINITIONS = (
					"DEBUG=1",
					"$(inherited)",
				);
				GCC_WARN_64_TO_32_BIT_CONVERSION = YES;
				GCC_WARN_ABOUT_RETURN_TYPE = YES_ERROR;
				GCC_WARN_UNDECLARED_SELECTOR = YES;
				GCC_WARN_UNINITIALIZED_AUTOS = YES_AGGRESSIVE;
				GCC_WARN_UNUSED_FUNCTION = YES;
				GCC_WARN_UNUSED_VARIABLE = YES;
				IPHONEOS_DEPLOYMENT_TARGET = 12.1;
				MTL_ENABLE_DEBUG_INFO = INCLUDE_SOURCE;
				MTL_FAST_MATH = YES;
				ONLY_ACTIVE_ARCH = YES;
				SDKROOT = iphoneos;
				SWIFT_ACTIVE_COMPILATION_CONDITIONS = DEBUG;
				SWIFT_OPTIMIZATION_LEVEL = "-Onone";
			};
			name = Debug;
		};
		C82B348121B2A90F00532842 /* Release */ = {
			isa = XCBuildConfiguration;
			buildSettings = {
				ALWAYS_SEARCH_USER_PATHS = NO;
				CLANG_ANALYZER_NONNULL = YES;
				CLANG_ANALYZER_NUMBER_OBJECT_CONVERSION = YES_AGGRESSIVE;
				CLANG_CXX_LANGUAGE_STANDARD = "gnu++14";
				CLANG_CXX_LIBRARY = "libc++";
				CLANG_ENABLE_MODULES = YES;
				CLANG_ENABLE_OBJC_ARC = YES;
				CLANG_ENABLE_OBJC_WEAK = YES;
				CLANG_WARN_BLOCK_CAPTURE_AUTORELEASING = YES;
				CLANG_WARN_BOOL_CONVERSION = YES;
				CLANG_WARN_COMMA = YES;
				CLANG_WARN_CONSTANT_CONVERSION = YES;
				CLANG_WARN_DEPRECATED_OBJC_IMPLEMENTATIONS = YES;
				CLANG_WARN_DIRECT_OBJC_ISA_USAGE = YES_ERROR;
				CLANG_WARN_DOCUMENTATION_COMMENTS = YES;
				CLANG_WARN_EMPTY_BODY = YES;
				CLANG_WARN_ENUM_CONVERSION = YES;
				CLANG_WARN_INFINITE_RECURSION = YES;
				CLANG_WARN_INT_CONVERSION = YES;
				CLANG_WARN_NON_LITERAL_NULL_CONVERSION = YES;
				CLANG_WARN_OBJC_IMPLICIT_RETAIN_SELF = YES;
				CLANG_WARN_OBJC_LITERAL_CONVERSION = YES;
				CLANG_WARN_OBJC_ROOT_CLASS = YES_ERROR;
				CLANG_WARN_RANGE_LOOP_ANALYSIS = YES;
				CLANG_WARN_STRICT_PROTOTYPES = YES;
				CLANG_WARN_SUSPICIOUS_MOVE = YES;
				CLANG_WARN_UNGUARDED_AVAILABILITY = YES_AGGRESSIVE;
				CLANG_WARN_UNREACHABLE_CODE = YES;
				CLANG_WARN__DUPLICATE_METHOD_MATCH = YES;
				CODE_SIGN_IDENTITY = "iPhone Developer";
				COPY_PHASE_STRIP = NO;
				DEBUG_INFORMATION_FORMAT = "dwarf-with-dsym";
				ENABLE_NS_ASSERTIONS = NO;
				ENABLE_STRICT_OBJC_MSGSEND = YES;
				GCC_C_LANGUAGE_STANDARD = gnu11;
				GCC_NO_COMMON_BLOCKS = YES;
				GCC_WARN_64_TO_32_BIT_CONVERSION = YES;
				GCC_WARN_ABOUT_RETURN_TYPE = YES_ERROR;
				GCC_WARN_UNDECLARED_SELECTOR = YES;
				GCC_WARN_UNINITIALIZED_AUTOS = YES_AGGRESSIVE;
				GCC_WARN_UNUSED_FUNCTION = YES;
				GCC_WARN_UNUSED_VARIABLE = YES;
				IPHONEOS_DEPLOYMENT_TARGET = 12.1;
				MTL_ENABLE_DEBUG_INFO = NO;
				MTL_FAST_MATH = YES;
				SDKROOT = iphoneos;
				SWIFT_COMPILATION_MODE = wholemodule;
				SWIFT_OPTIMIZATION_LEVEL = "-O";
				VALIDATE_PRODUCT = YES;
			};
			name = Release;
		};
		C82B348321B2A90F00532842 /* Debug */ = {
			isa = XCBuildConfiguration;
			buildSettings = {
				ASSETCATALOG_COMPILER_APPICON_NAME = AppIcon;
				CODE_SIGN_STYLE = Automatic;
				DEVELOPMENT_TEAM = 5753N2Y6RP;
				INFOPLIST_FILE = Weather/Info.plist;
				LD_RUNPATH_SEARCH_PATHS = (
					"$(inherited)",
					"@executable_path/Frameworks",
				);
				PRODUCT_BUNDLE_IDENTIFIER = co.pijp.weather.Weather;
				PRODUCT_NAME = "$(TARGET_NAME)";
				SWIFT_VERSION = 4.2;
				TARGETED_DEVICE_FAMILY = "1,2";
			};
			name = Debug;
		};
		C82B348421B2A90F00532842 /* Release */ = {
			isa = XCBuildConfiguration;
			buildSettings = {
				ASSETCATALOG_COMPILER_APPICON_NAME = AppIcon;
				CODE_SIGN_STYLE = Automatic;
				DEVELOPMENT_TEAM = 5753N2Y6RP;
				INFOPLIST_FILE = Weather/Info.plist;
				LD_RUNPATH_SEARCH_PATHS = (
					"$(inherited)",
					"@executable_path/Frameworks",
				);
				PRODUCT_BUNDLE_IDENTIFIER = co.pijp.weather.Weather;
				PRODUCT_NAME = "$(TARGET_NAME)";
				SWIFT_VERSION = 4.2;
				TARGETED_DEVICE_FAMILY = "1,2";
			};
			name = Release;
		};
		C82B348621B2A90F00532842 /* Debug */ = {
			isa = XCBuildConfiguration;
			buildSettings = {
				ALWAYS_EMBED_SWIFT_STANDARD_LIBRARIES = YES;
				BUNDLE_LOADER = "$(TEST_HOST)";
				CLANG_ENABLE_MODULES = YES;
				CODE_SIGN_STYLE = Automatic;
				DEVELOPMENT_TEAM = 5753N2Y6RP;
				INFOPLIST_FILE = WeatherTests/Info.plist;
				LD_RUNPATH_SEARCH_PATHS = (
					"$(inherited)",
					"@executable_path/Frameworks",
					"@loader_path/Frameworks",
				);
				PRODUCT_BUNDLE_IDENTIFIER = co.pijp.weather.WeatherTests;
				PRODUCT_NAME = "$(TARGET_NAME)";
				SWIFT_OPTIMIZATION_LEVEL = "-Onone";
				SWIFT_VERSION = 4.2;
				TARGETED_DEVICE_FAMILY = "1,2";
				TEST_HOST = "$(BUILT_PRODUCTS_DIR)/Weather.app/Weather";
			};
			name = Debug;
		};
		C82B348721B2A90F00532842 /* Release */ = {
			isa = XCBuildConfiguration;
			buildSettings = {
				ALWAYS_EMBED_SWIFT_STANDARD_LIBRARIES = YES;
				BUNDLE_LOADER = "$(TEST_HOST)";
				CLANG_ENABLE_MODULES = YES;
				CODE_SIGN_STYLE = Automatic;
				DEVELOPMENT_TEAM = 5753N2Y6RP;
				INFOPLIST_FILE = WeatherTests/Info.plist;
				LD_RUNPATH_SEARCH_PATHS = (
					"$(inherited)",
					"@executable_path/Frameworks",
					"@loader_path/Frameworks",
				);
				PRODUCT_BUNDLE_IDENTIFIER = co.pijp.weather.WeatherTests;
				PRODUCT_NAME = "$(TARGET_NAME)";
				SWIFT_VERSION = 4.2;
				TARGETED_DEVICE_FAMILY = "1,2";
				TEST_HOST = "$(BUILT_PRODUCTS_DIR)/Weather.app/Weather";
			};
			name = Release;
		};
/* End XCBuildConfiguration section */

/* Begin XCConfigurationList section */
		C82B346021B2A90E00532842 /* Build configuration list for PBXProject "Weather" */ = {
			isa = XCConfigurationList;
			buildConfigurations = (
				C82B348021B2A90F00532842 /* Debug */,
				C82B348121B2A90F00532842 /* Release */,
			);
			defaultConfigurationIsVisible = 0;
			defaultConfigurationName = Release;
		};
		C82B348221B2A90F00532842 /* Build configuration list for PBXNativeTarget "Weather" */ = {
			isa = XCConfigurationList;
			buildConfigurations = (
				C82B348321B2A90F00532842 /* Debug */,
				C82B348421B2A90F00532842 /* Release */,
			);
			defaultConfigurationIsVisible = 0;
			defaultConfigurationName = Release;
		};
		C82B348521B2A90F00532842 /* Build configuration list for PBXNativeTarget "WeatherTests" */ = {
			isa = XCConfigurationList;
			buildConfigurations = (
				C82B348621B2A90F00532842 /* Debug */,
				C82B348721B2A90F00532842 /* Release */,
			);
			defaultConfigurationIsVisible = 0;
			defaultConfigurationName = Release;
		};
/* End XCConfigurationList section */
	};
	rootObject = C82B345D21B2A90E00532842 /* Project object */;
}
